// !$*UTF8*$!
{
	archiveVersion = 1;
	classes = {
	};
	objectVersion = 46;
	objects = {

/* Begin PBXBuildFile section */
		AA9534641E8D5F86004BCFCA /* Assets.xcassets in Resources */ = {isa = PBXBuildFile; fileRef = AA9534631E8D5F86004BCFCA /* Assets.xcassets */; };
		AA9534671E8D5F86004BCFCA /* LaunchScreen.storyboard in Resources */ = {isa = PBXBuildFile; fileRef = AA9534651E8D5F86004BCFCA /* LaunchScreen.storyboard */; };
		AA95346F1E8D5FB6004BCFCA /* TheApp.swift in Sources */ = {isa = PBXBuildFile; fileRef = AA95346E1E8D5FB6004BCFCA /* TheApp.swift */; };
/* End PBXBuildFile section */

/* Begin PBXFileReference section */
		AA9534591E8D5F86004BCFCA /* UIProgrammatically.app */ = {isa = PBXFileReference; explicitFileType = wrapper.application; includeInIndex = 0; path = UIProgrammatically.app; sourceTree = BUILT_PRODUCTS_DIR; };
		AA9534631E8D5F86004BCFCA /* Assets.xcassets */ = {isa = PBXFileReference; lastKnownFileType = folder.assetcatalog; path = Assets.xcassets; sourceTree = "<group>"; };
		AA9534661E8D5F86004BCFCA /* Base */ = {isa = PBXFileReference; lastKnownFileType = file.storyboard; name = Base; path = Base.lproj/LaunchScreen.storyboard; sourceTree = "<group>"; };
		AA9534681E8D5F86004BCFCA /* Info.plist */ = {isa = PBXFileReference; lastKnownFileType = text.plist.xml; path = Info.plist; sourceTree = "<group>"; };
		AA95346E1E8D5FB6004BCFCA /* TheApp.swift */ = {isa = PBXFileReference; fileEncoding = 4; lastKnownFileType = sourcecode.swift; name = TheApp.swift; path = ../TheApp.swift; sourceTree = "<group>"; };
/* End PBXFileReference section */

/* Begin PBXFrameworksBuildPhase section */
		AA9534561E8D5F86004BCFCA /* Frameworks */ = {
			isa = PBXFrameworksBuildPhase;
			buildActionMask = 2147483647;
			files = (
			);
			runOnlyForDeploymentPostprocessing = 0;
		};
/* End PBXFrameworksBuildPhase section */

/* Begin PBXGroup section */
		AA9534501E8D5F85004BCFCA = {
			isa = PBXGroup;
			children = (
				AA95345B1E8D5F86004BCFCA /* UIProgrammatically */,
				AA95345A1E8D5F86004BCFCA /* Products */,
			);
			sourceTree = "<group>";
		};
		AA95345A1E8D5F86004BCFCA /* Products */ = {
			isa = PBXGroup;
			children = (
				AA9534591E8D5F86004BCFCA /* UIProgrammatically.app */,
			);
			name = Products;
			sourceTree = "<group>";
		};
		AA95345B1E8D5F86004BCFCA /* UIProgrammatically */ = {
			isa = PBXGroup;
			children = (
				AA95346E1E8D5FB6004BCFCA /* TheApp.swift */,
				AA9534631E8D5F86004BCFCA /* Assets.xcassets */,
				AA9534651E8D5F86004BCFCA /* LaunchScreen.storyboard */,
				AA9534681E8D5F86004BCFCA /* Info.plist */,
			);
			path = UIProgrammatically;
			sourceTree = "<group>";
		};
/* End PBXGroup section */

/* Begin PBXNativeTarget section */
		AA9534581E8D5F86004BCFCA /* UIProgrammatically */ = {
			isa = PBXNativeTarget;
			buildConfigurationList = AA95346B1E8D5F86004BCFCA /* Build configuration list for PBXNativeTarget "UIProgrammatically" */;
			buildPhases = (
				AA9534551E8D5F86004BCFCA /* Sources */,
				AA9534561E8D5F86004BCFCA /* Frameworks */,
				AA9534571E8D5F86004BCFCA /* Resources */,
			);
			buildRules = (
			);
			dependencies = (
			);
			name = UIProgrammatically;
			productName = UIProgrammatically;
			productReference = AA9534591E8D5F86004BCFCA /* UIProgrammatically.app */;
			productType = "com.apple.product-type.application";
		};
/* End PBXNativeTarget section */

/* Begin PBXProject section */
		AA9534511E8D5F85004BCFCA /* Project object */ = {
			isa = PBXProject;
			attributes = {
				LastSwiftUpdateCheck = 0820;
				LastUpgradeCheck = 0820;
				ORGANIZATIONNAME = turntotech;
				TargetAttributes = {
					AA9534581E8D5F86004BCFCA = {
						CreatedOnToolsVersion = 8.2.1;
						DevelopmentTeam = PKN928BFGZ;
						ProvisioningStyle = Automatic;
					};
				};
			};
			buildConfigurationList = AA9534541E8D5F85004BCFCA /* Build configuration list for PBXProject "UIProgrammatically" */;
			compatibilityVersion = "Xcode 3.2";
			developmentRegion = English;
			hasScannedForEncodings = 0;
			knownRegions = (
				en,
				Base,
			);
			mainGroup = AA9534501E8D5F85004BCFCA;
			productRefGroup = AA95345A1E8D5F86004BCFCA /* Products */;
			projectDirPath = "";
			projectRoot = "";
			targets = (
				AA9534581E8D5F86004BCFCA /* UIProgrammatically */,
			);
		};
/* End PBXProject section */

/* Begin PBXResourcesBuildPhase section */
		AA9534571E8D5F86004BCFCA /* Resources */ = {
			isa = PBXResourcesBuildPhase;
			buildActionMask = 2147483647;
			files = (
				AA9534671E8D5F86004BCFCA /* LaunchScreen.storyboard in Resources */,
				AA9534641E8D5F86004BCFCA /* Assets.xcassets in Resources */,
			);
			runOnlyForDeploymentPostprocessing = 0;
		};
/* End PBXResourcesBuildPhase section */

/* Begin PBXSourcesBuildPhase section */
		AA9534551E8D5F86004BCFCA /* Sources */ = {
			isa = PBXSourcesBuildPhase;
			buildActionMask = 2147483647;
			files = (
				AA95346F1E8D5FB6004BCFCA /* TheApp.swift in Sources */,
			);
			runOnlyForDeploymentPostprocessing = 0;
		};
/* End PBXSourcesBuildPhase section */

/* Begin PBXVariantGroup section */
		AA9534651E8D5F86004BCFCA /* LaunchScreen.storyboard */ = {
			isa = PBXVariantGroup;
			children = (
				AA9534661E8D5F86004BCFCA /* Base */,
			);
			name = LaunchScreen.storyboard;
			sourceTree = "<group>";
		};
/* End PBXVariantGroup section */

/* Begin XCBuildConfiguration section */
		AA9534691E8D5F86004BCFCA /* Debug */ = {
			isa = XCBuildConfiguration;
			buildSettings = {
				ALWAYS_SEARCH_USER_PATHS = NO;
				CLANG_ANALYZER_NONNULL = YES;
				CLANG_CXX_LANGUAGE_STANDARD = "gnu++0x";
				CLANG_CXX_LIBRARY = "libc++";
				CLANG_ENABLE_MODULES = YES;
				CLANG_ENABLE_OBJC_ARC = YES;
				CLANG_WARN_BOOL_CONVERSION = YES;
				CLANG_WARN_CONSTANT_CONVERSION = YES;
				CLANG_WARN_DIRECT_OBJC_ISA_USAGE = YES_ERROR;
				CLANG_WARN_DOCUMENTATION_COMMENTS = YES;
				CLANG_WARN_EMPTY_BODY = YES;
				CLANG_WARN_ENUM_CONVERSION = YES;
				CLANG_WARN_INFINITE_RECURSION = YES;
				CLANG_WARN_INT_CONVERSION = YES;
				CLANG_WARN_OBJC_ROOT_CLASS = YES_ERROR;
				CLANG_WARN_SUSPICIOUS_MOVE = YES;
				CLANG_WARN_UNREACHABLE_CODE = YES;
				CLANG_WARN__DUPLICATE_METHOD_MATCH = YES;
				"CODE_SIGN_IDENTITY[sdk=iphoneos*]" = "iPhone Developer";
				COPY_PHASE_STRIP = NO;
				DEBUG_INFORMATION_FORMAT = dwarf;
				ENABLE_STRICT_OBJC_MSGSEND = YES;
				ENABLE_TESTABILITY = YES;
				GCC_C_LANGUAGE_STANDARD = gnu99;
				GCC_DYNAMIC_NO_PIC = NO;
				GCC_NO_COMMON_BLOCKS = YES;
				GCC_OPTIMIZATION_LEVEL = 0;
				GCC_PREPROCESSOR_DEFINITIONS = (
					"DEBUG=1",
					"$(inherited)",
				);
				GCC_WARN_64_TO_32_BIT_CONVERSION = YES;
				GCC_WARN_ABOUT_RETURN_TYPE = YES_ERROR;
				GCC_WARN_UNDECLARED_SELECTOR = YES;
				GCC_WARN_UNINITIALIZED_AUTOS = YES_AGGRESSIVE;
				GCC_WARN_UNUSED_FUNCTION = YES;
				GCC_WARN_UNUSED_VARIABLE = YES;
				IPHONEOS_DEPLOYMENT_TARGET = 10.2;
				MTL_ENABLE_DEBUG_INFO = YES;
				ONLY_ACTIVE_ARCH = YES;
				SDKROOT = iphoneos;
				SWIFT_ACTIVE_COMPILATION_CONDITIONS = DEBUG;
				SWIFT_OPTIMIZATION_LEVEL = "-Onone";
				TARGETED_DEVICE_FAMILY = "1,2";
			};
			name = Debug;
		};
		AA95346A1E8D5F86004BCFCA /* Release */ = {
			isa = XCBuildConfiguration;
			buildSettings = {
				ALWAYS_SEARCH_USER_PATHS = NO;
				CLANG_ANALYZER_NONNULL = YES;
				CLANG_CXX_LANGUAGE_STANDARD = "gnu++0x";
				CLANG_CXX_LIBRARY = "libc++";
				CLANG_ENABLE_MODULES = YES;
				CLANG_ENABLE_OBJC_ARC = YES;
				CLANG_WARN_BOOL_CONVERSION = YES;
				CLANG_WARN_CONSTANT_CONVERSION = YES;
				CLANG_WARN_DIRECT_OBJC_ISA_USAGE = YES_ERROR;
				CLANG_WARN_DOCUMENTATION_COMMENTS = YES;
				CLANG_WARN_EMPTY_BODY = YES;
				CLANG_WARN_ENUM_CONVERSION = YES;
				CLANG_WARN_INFINITE_RECURSION = YES;
				CLANG_WARN_INT_CONVERSION = YES;
				CLANG_WARN_OBJC_ROOT_CLASS = YES_ERROR;
				CLANG_WARN_SUSPICIOUS_MOVE = YES;
				CLANG_WARN_UNREACHABLE_CODE = YES;
				CLANG_WARN__DUPLICATE_METHOD_MATCH = YES;
				"CODE_SIGN_IDENTITY[sdk=iphoneos*]" = "iPhone Developer";
				COPY_PHASE_STRIP = NO;
				DEBUG_INFORMATION_FORMAT = "dwarf-with-dsym";
				ENABLE_NS_ASSERTIONS = NO;
				ENABLE_STRICT_OBJC_MSGSEND = YES;
				GCC_C_LANGUAGE_STANDARD = gnu99;
				GCC_NO_COMMON_BLOCKS = YES;
				GCC_WARN_64_TO_32_BIT_CONVERSION = YES;
				GCC_WARN_ABOUT_RETURN_TYPE = YES_ERROR;
				GCC_WARN_UNDECLARED_SELECTOR = YES;
				GCC_WARN_UNINITIALIZED_AUTOS = YES_AGGRESSIVE;
				GCC_WARN_UNUSED_FUNCTION = YES;
				GCC_WARN_UNUSED_VARIABLE = YES;
				IPHONEOS_DEPLOYMENT_TARGET = 10.2;
				MTL_ENABLE_DEBUG_INFO = NO;
				SDKROOT = iphoneos;
				SWIFT_OPTIMIZATION_LEVEL = "-Owholemodule";
				TARGETED_DEVICE_FAMILY = "1,2";
				VALIDATE_PRODUCT = YES;
			};
			name = Release;
		};
		AA95346C1E8D5F86004BCFCA /* Debug */ = {
			isa = XCBuildConfiguration;
			buildSettings = {
				ASSETCATALOG_COMPILER_APPICON_NAME = AppIcon;
				DEVELOPMENT_TEAM = PKN928BFGZ;
				INFOPLIST_FILE = UIProgrammatically/Info.plist;
				LD_RUNPATH_SEARCH_PATHS = "$(inherited) @executable_path/Frameworks";
				PRODUCT_BUNDLE_IDENTIFIER = turntotech.UIProgrammatically;
				PRODUCT_NAME = "$(TARGET_NAME)";
				SWIFT_VERSION = 3.0;
			};
			name = Debug;
		};
		AA95346D1E8D5F86004BCFCA /* Release */ = {
			isa = XCBuildConfiguration;
			buildSettings = {
				ASSETCATALOG_COMPILER_APPICON_NAME = AppIcon;
				DEVELOPMENT_TEAM = PKN928BFGZ;
				INFOPLIST_FILE = UIProgrammatically/Info.plist;
				LD_RUNPATH_SEARCH_PATHS = "$(inherited) @executable_path/Frameworks";
				PRODUCT_BUNDLE_IDENTIFIER = turntotech.UIProgrammatically;
				PRODUCT_NAME = "$(TARGET_NAME)";
				SWIFT_VERSION = 3.0;
			};
			name = Release;
		};
/* End XCBuildConfiguration section */

/* Begin XCConfigurationList section */
		AA9534541E8D5F85004BCFCA /* Build configuration list for PBXProject "UIProgrammatically" */ = {
			isa = XCConfigurationList;
			buildConfigurations = (
				AA9534691E8D5F86004BCFCA /* Debug */,
				AA95346A1E8D5F86004BCFCA /* Release */,
			);
			defaultConfigurationIsVisible = 0;
			defaultConfigurationName = Release;
		};
		AA95346B1E8D5F86004BCFCA /* Build configuration list for PBXNativeTarget "UIProgrammatically" */ = {
			isa = XCConfigurationList;
			buildConfigurations = (
				AA95346C1E8D5F86004BCFCA /* Debug */,
				AA95346D1E8D5F86004BCFCA /* Release */,
			);
			defaultConfigurationIsVisible = 0;
		};
/* End XCConfigurationList section */
	};
	rootObject = AA9534511E8D5F85004BCFCA /* Project object */;
}
